
Microsoft Visual Studio Solution File, Format Version 12.00
# Visual Studio Version 17
VisualStudioVersion = 17.10.35013.160
MinimumVisualStudioVersion = 10.0.40219.1
Project("{FAE04EC0-301F-11D3-BF4B-00C04F79EFBC}") = "Explore_Dreams", "Explore_Dreams\Explore_Dreams.csproj", "{E234C185-4EDA-4B5F-A38B-790C1DC5D8A0}"
EndProject
Global
	GlobalSection(SolutionConfigurationPlatforms) = preSolution
		Debug|Any CPU = Debug|Any CPU
		Release|Any CPU = Release|Any CPU
	EndGlobalSection
	GlobalSection(ProjectConfigurationPlatforms) = postSolution
		{E234C185-4EDA-4B5F-A38B-790C1DC5D8A0}.Debug|Any CPU.ActiveCfg = Debug|Any CPU
		{E234C185-4EDA-4B5F-A38B-790C1DC5D8A0}.Debug|Any CPU.Build.0 = Debug|Any CPU
		{E234C185-4EDA-4B5F-A38B-790C1DC5D8A0}.Release|Any CPU.ActiveCfg = Release|Any CPU
		{E234C185-4EDA-4B5F-A38B-790C1DC5D8A0}.Release|Any CPU.Build.0 = Release|Any CPU
	EndGlobalSection
	GlobalSection(SolutionProperties) = preSolution
		HideSolutionNode = FALSE
	EndGlobalSection
	GlobalSection(ExtensibilityGlobals) = postSolution
		SolutionGuid = {18E16A47-3A9B-4ED7-8300-3D5E1579BAF0}
	EndGlobalSection
EndGlobal
